
Microsoft Visual Studio Solution File, Format Version 12.00
# Visual Studio Version 17
VisualStudioVersion = 17.3.32825.248
MinimumVisualStudioVersion = 10.0.40219.1
Project("{FAE04EC0-301F-11D3-BF4B-00C04F79EFBC}") = "LSM", "WpfApp1\LSM.csproj", "{42FA54CC-7A8C-412A-8EB1-E363632A369D}"
EndProject
Global
	GlobalSection(SolutionConfigurationPlatforms) = preSolution
		Debug|Any CPU = Debug|Any CPU
		Release|Any CPU = Release|Any CPU
	EndGlobalSection
	GlobalSection(ProjectConfigurationPlatforms) = postSolution
		{42FA54CC-7A8C-412A-8EB1-E363632A369D}.Debug|Any CPU.ActiveCfg = Debug|Any CPU
		{42FA54CC-7A8C-412A-8EB1-E363632A369D}.Debug|Any CPU.Build.0 = Debug|Any CPU
		{42FA54CC-7A8C-412A-8EB1-E363632A369D}.Release|Any CPU.ActiveCfg = Release|Any CPU
		{42FA54CC-7A8C-412A-8EB1-E363632A369D}.Release|Any CPU.Build.0 = Release|Any CPU
	EndGlobalSection
	GlobalSection(SolutionProperties) = preSolution
		HideSolutionNode = FALSE
	EndGlobalSection
	GlobalSection(ExtensibilityGlobals) = postSolution
		SolutionGuid = {1D13E84B-B836-486D-B60A-A315ED7AF54D}
	EndGlobalSection
EndGlobal
